// !$*UTF8*$!
{
	archiveVersion = 1;
	classes = {
	};
	objectVersion = 46;
	objects = {

/* Begin PBXBuildFile section */
		8FE2F87F1D3EEFDC0066544C /* main.m in Sources */ = {isa = PBXBuildFile; fileRef = 8FE2F87E1D3EEFDC0066544C /* main.m */; };
		8FE2F8821D3EEFDC0066544C /* AppDelegate.m in Sources */ = {isa = PBXBuildFile; fileRef = 8FE2F8811D3EEFDC0066544C /* AppDelegate.m */; };
		8FE2F8851D3EEFDC0066544C /* ViewController.m in Sources */ = {isa = PBXBuildFile; fileRef = 8FE2F8841D3EEFDC0066544C /* ViewController.m */; };
		8FE2F8881D3EEFDC0066544C /* Main.storyboard in Resources */ = {isa = PBXBuildFile; fileRef = 8FE2F8861D3EEFDC0066544C /* Main.storyboard */; };
		8FE2F88A1D3EEFDC0066544C /* Assets.xcassets in Resources */ = {isa = PBXBuildFile; fileRef = 8FE2F8891D3EEFDC0066544C /* Assets.xcassets */; };
		8FE2F88D1D3EEFDC0066544C /* LaunchScreen.storyboard in Resources */ = {isa = PBXBuildFile; fileRef = 8FE2F88B1D3EEFDC0066544C /* LaunchScreen.storyboard */; };
/* End PBXBuildFile section */

/* Begin PBXFileReference section */
		8FE2F87A1D3EEFDC0066544C /* IntegrationsApp.app */ = {isa = PBXFileReference; explicitFileType = wrapper.application; includeInIndex = 0; path = IntegrationsApp.app; sourceTree = BUILT_PRODUCTS_DIR; };
		8FE2F87E1D3EEFDC0066544C /* main.m */ = {isa = PBXFileReference; lastKnownFileType = sourcecode.c.objc; path = main.m; sourceTree = "<group>"; };
		8FE2F8801D3EEFDC0066544C /* AppDelegate.h */ = {isa = PBXFileReference; lastKnownFileType = sourcecode.c.h; path = AppDelegate.h; sourceTree = "<group>"; };
		8FE2F8811D3EEFDC0066544C /* AppDelegate.m */ = {isa = PBXFileReference; lastKnownFileType = sourcecode.c.objc; path = AppDelegate.m; sourceTree = "<group>"; };
		8FE2F8831D3EEFDC0066544C /* ViewController.h */ = {isa = PBXFileReference; lastKnownFileType = sourcecode.c.h; path = ViewController.h; sourceTree = "<group>"; };
		8FE2F8841D3EEFDC0066544C /* ViewController.m */ = {isa = PBXFileReference; lastKnownFileType = sourcecode.c.objc; path = ViewController.m; sourceTree = "<group>"; };
		8FE2F8871D3EEFDC0066544C /* Base */ = {isa = PBXFileReference; lastKnownFileType = file.storyboard; name = Base; path = Base.lproj/Main.storyboard; sourceTree = "<group>"; };
		8FE2F8891D3EEFDC0066544C /* Assets.xcassets */ = {isa = PBXFileReference; lastKnownFileType = folder.assetcatalog; path = Assets.xcassets; sourceTree = "<group>"; };
		8FE2F88C1D3EEFDC0066544C /* Base */ = {isa = PBXFileReference; lastKnownFileType = file.storyboard; name = Base; path = Base.lproj/LaunchScreen.storyboard; sourceTree = "<group>"; };
		8FE2F88E1D3EEFDC0066544C /* Info.plist */ = {isa = PBXFileReference; lastKnownFileType = text.plist.xml; path = Info.plist; sourceTree = "<group>"; };
/* End PBXFileReference section */

/* Begin PBXFrameworksBuildPhase section */
		8FE2F8771D3EEFDC0066544C /* Frameworks */ = {
			isa = PBXFrameworksBuildPhase;
			buildActionMask = 2147483647;
			files = (
			);
			runOnlyForDeploymentPostprocessing = 0;
		};
/* End PBXFrameworksBuildPhase section */

/* Begin PBXGroup section */
		8FE2F8711D3EEFDC0066544C = {
			isa = PBXGroup;
			children = (
				8FE2F87C1D3EEFDC0066544C /* IntegrationsApp */,
				8FE2F87B1D3EEFDC0066544C /* Products */,
			);
			sourceTree = "<group>";
		};
		8FE2F87B1D3EEFDC0066544C /* Products */ = {
			isa = PBXGroup;
			children = (
				8FE2F87A1D3EEFDC0066544C /* IntegrationsApp.app */,
			);
			name = Products;
			sourceTree = "<group>";
		};
		8FE2F87C1D3EEFDC0066544C /* IntegrationsApp */ = {
			isa = PBXGroup;
			children = (
				8FE2F8801D3EEFDC0066544C /* AppDelegate.h */,
				8FE2F8811D3EEFDC0066544C /* AppDelegate.m */,
				8FE2F8831D3EEFDC0066544C /* ViewController.h */,
				8FE2F8841D3EEFDC0066544C /* ViewController.m */,
				8FE2F8861D3EEFDC0066544C /* Main.storyboard */,
				8FE2F8891D3EEFDC0066544C /* Assets.xcassets */,
				8FE2F88B1D3EEFDC0066544C /* LaunchScreen.storyboard */,
				8FE2F88E1D3EEFDC0066544C /* Info.plist */,
				8FE2F87D1D3EEFDC0066544C /* Supporting Files */,
			);
			path = IntegrationsApp;
			sourceTree = "<group>";
		};
		8FE2F87D1D3EEFDC0066544C /* Supporting Files */ = {
			isa = PBXGroup;
			children = (
				8FE2F87E1D3EEFDC0066544C /* main.m */,
			);
			name = "Supporting Files";
			sourceTree = "<group>";
		};
/* End PBXGroup section */

/* Begin PBXNativeTarget section */
		8FE2F8791D3EEFDC0066544C /* IntegrationsApp */ = {
			isa = PBXNativeTarget;
			buildConfigurationList = 8FE2F8911D3EEFDC0066544C /* Build configuration list for PBXNativeTarget "IntegrationsApp" */;
			buildPhases = (
				8FE2F8761D3EEFDC0066544C /* Sources */,
				8FE2F8771D3EEFDC0066544C /* Frameworks */,
				8FE2F8781D3EEFDC0066544C /* Resources */,
			);
			buildRules = (
			);
			dependencies = (
			);
			name = IntegrationsApp;
			productName = IntegrationsApp;
			productReference = 8FE2F87A1D3EEFDC0066544C /* IntegrationsApp.app */;
			productType = "com.apple.product-type.application";
		};
/* End PBXNativeTarget section */

/* Begin PBXProject section */
		8FE2F8721D3EEFDC0066544C /* Project object */ = {
			isa = PBXProject;
			attributes = {
				LastUpgradeCheck = 0730;
				ORGANIZATIONNAME = "James Gill";
				TargetAttributes = {
					8FE2F8791D3EEFDC0066544C = {
						CreatedOnToolsVersion = 7.3.1;
					};
				};
			};
			buildConfigurationList = 8FE2F8751D3EEFDC0066544C /* Build configuration list for PBXProject "IntegrationsApp" */;
			compatibilityVersion = "Xcode 3.2";
			developmentRegion = English;
			hasScannedForEncodings = 0;
			knownRegions = (
				en,
				Base,
			);
			mainGroup = 8FE2F8711D3EEFDC0066544C;
			productRefGroup = 8FE2F87B1D3EEFDC0066544C /* Products */;
			projectDirPath = "";
			projectRoot = "";
			targets = (
				8FE2F8791D3EEFDC0066544C /* IntegrationsApp */,
			);
		};
/* End PBXProject section */

/* Begin PBXResourcesBuildPhase section */
		8FE2F8781D3EEFDC0066544C /* Resources */ = {
			isa = PBXResourcesBuildPhase;
			buildActionMask = 2147483647;
			files = (
				8FE2F88D1D3EEFDC0066544C /* LaunchScreen.storyboard in Resources */,
				8FE2F88A1D3EEFDC0066544C /* Assets.xcassets in Resources */,
				8FE2F8881D3EEFDC0066544C /* Main.storyboard in Resources */,
			);
			runOnlyForDeploymentPostprocessing = 0;
		};
/* End PBXResourcesBuildPhase section */

/* Begin PBXSourcesBuildPhase section */
		8FE2F8761D3EEFDC0066544C /* Sources */ = {
			isa = PBXSourcesBuildPhase;
			buildActionMask = 2147483647;
			files = (
				8FE2F8851D3EEFDC0066544C /* ViewController.m in Sources */,
				8FE2F8821D3EEFDC0066544C /* AppDelegate.m in Sources */,
				8FE2F87F1D3EEFDC0066544C /* main.m in Sources */,
			);
			runOnlyForDeploymentPostprocessing = 0;
		};
/* End PBXSourcesBuildPhase section */

/* Begin PBXVariantGroup section */
		8FE2F8861D3EEFDC0066544C /* Main.storyboard */ = {
			isa = PBXVariantGroup;
			children = (
				8FE2F8871D3EEFDC0066544C /* Base */,
			);
			name = Main.storyboard;
			sourceTree = "<group>";
		};
		8FE2F88B1D3EEFDC0066544C /* LaunchScreen.storyboard */ = {
			isa = PBXVariantGroup;
			children = (
				8FE2F88C1D3EEFDC0066544C /* Base */,
			);
			name = LaunchScreen.storyboard;
			sourceTree = "<group>";
		};
/* End PBXVariantGroup section */

/* Begin XCBuildConfiguration section */
		8FE2F88F1D3EEFDC0066544C /* Debug */ = {
			isa = XCBuildConfiguration;
			buildSettings = {
				ALWAYS_SEARCH_USER_PATHS = NO;
				CLANG_ANALYZER_NONNULL = YES;
				CLANG_CXX_LANGUAGE_STANDARD = "gnu++0x";
				CLANG_CXX_LIBRARY = "libc++";
				CLANG_ENABLE_MODULES = YES;
				CLANG_ENABLE_OBJC_ARC = YES;
				CLANG_WARN_BOOL_CONVERSION = YES;
				CLANG_WARN_CONSTANT_CONVERSION = YES;
				CLANG_WARN_DIRECT_OBJC_ISA_USAGE = YES_ERROR;
				CLANG_WARN_EMPTY_BODY = YES;
				CLANG_WARN_ENUM_CONVERSION = YES;
				CLANG_WARN_INT_CONVERSION = YES;
				CLANG_WARN_OBJC_ROOT_CLASS = YES_ERROR;
				CLANG_WARN_UNREACHABLE_CODE = YES;
				CLANG_WARN__DUPLICATE_METHOD_MATCH = YES;
				"CODE_SIGN_IDENTITY[sdk=iphoneos*]" = "iPhone Developer";
				COPY_PHASE_STRIP = NO;
				DEBUG_INFORMATION_FORMAT = dwarf;
				ENABLE_STRICT_OBJC_MSGSEND = YES;
				ENABLE_TESTABILITY = YES;
				GCC_C_LANGUAGE_STANDARD = gnu99;
				GCC_DYNAMIC_NO_PIC = NO;
				GCC_NO_COMMON_BLOCKS = YES;
				GCC_OPTIMIZATION_LEVEL = 0;
				GCC_PREPROCESSOR_DEFINITIONS = (
					"DEBUG=1",
					"$(inherited)",
				);
				GCC_WARN_64_TO_32_BIT_CONVERSION = YES;
				GCC_WARN_ABOUT_RETURN_TYPE = YES_ERROR;
				GCC_WARN_UNDECLARED_SELECTOR = YES;
				GCC_WARN_UNINITIALIZED_AUTOS = YES_AGGRESSIVE;
				GCC_WARN_UNUSED_FUNCTION = YES;
				GCC_WARN_UNUSED_VARIABLE = YES;
				IPHONEOS_DEPLOYMENT_TARGET = 9.3;
				MTL_ENABLE_DEBUG_INFO = YES;
				ONLY_ACTIVE_ARCH = YES;
				SDKROOT = iphoneos;
				TARGETED_DEVICE_FAMILY = "1,2";
			};
			name = Debug;
		};
		8FE2F8901D3EEFDC0066544C /* Release */ = {
			isa = XCBuildConfiguration;
			buildSettings = {
				ALWAYS_SEARCH_USER_PATHS = NO;
				CLANG_ANALYZER_NONNULL = YES;
				CLANG_CXX_LANGUAGE_STANDARD = "gnu++0x";
				CLANG_CXX_LIBRARY = "libc++";
				CLANG_ENABLE_MODULES = YES;
				CLANG_ENABLE_OBJC_ARC = YES;
				CLANG_WARN_BOOL_CONVERSION = YES;
				CLANG_WARN_CONSTANT_CONVERSION = YES;
				CLANG_WARN_DIRECT_OBJC_ISA_USAGE = YES_ERROR;
				CLANG_WARN_EMPTY_BODY = YES;
				CLANG_WARN_ENUM_CONVERSION = YES;
				CLANG_WARN_INT_CONVERSION = YES;
				CLANG_WARN_OBJC_ROOT_CLASS = YES_ERROR;
				CLANG_WARN_UNREACHABLE_CODE = YES;
				CLANG_WARN__DUPLICATE_METHOD_MATCH = YES;
				"CODE_SIGN_IDENTITY[sdk=iphoneos*]" = "iPhone Developer";
				COPY_PHASE_STRIP = NO;
				DEBUG_INFORMATION_FORMAT = "dwarf-with-dsym";
				ENABLE_NS_ASSERTIONS = NO;
				ENABLE_STRICT_OBJC_MSGSEND = YES;
				GCC_C_LANGUAGE_STANDARD = gnu99;
				GCC_NO_COMMON_BLOCKS = YES;
				GCC_WARN_64_TO_32_BIT_CONVERSION = YES;
				GCC_WARN_ABOUT_RETURN_TYPE = YES_ERROR;
				GCC_WARN_UNDECLARED_SELECTOR = YES;
				GCC_WARN_UNINITIALIZED_AUTOS = YES_AGGRESSIVE;
				GCC_WARN_UNUSED_FUNCTION = YES;
				GCC_WARN_UNUSED_VARIABLE = YES;
				IPHONEOS_DEPLOYMENT_TARGET = 9.3;
				MTL_ENABLE_DEBUG_INFO = NO;
				SDKROOT = iphoneos;
				TARGETED_DEVICE_FAMILY = "1,2";
				VALIDATE_PRODUCT = YES;
			};
			name = Release;
		};
		8FE2F8921D3EEFDC0066544C /* Debug */ = {
			isa = XCBuildConfiguration;
			buildSettings = {
				ASSETCATALOG_COMPILER_APPICON_NAME = AppIcon;
				INFOPLIST_FILE = IntegrationsApp/Info.plist;
				LD_RUNPATH_SEARCH_PATHS = "$(inherited) @executable_path/Frameworks";
				PRODUCT_BUNDLE_IDENTIFIER = "Test-Integration.IntegrationsApp";
				PRODUCT_NAME = "$(TARGET_NAME)";
			};
			name = Debug;
		};
		8FE2F8931D3EEFDC0066544C /* Release */ = {
			isa = XCBuildConfiguration;
			buildSettings = {
				ASSETCATALOG_COMPILER_APPICON_NAME = AppIcon;
				INFOPLIST_FILE = IntegrationsApp/Info.plist;
				LD_RUNPATH_SEARCH_PATHS = "$(inherited) @executable_path/Frameworks";
				PRODUCT_BUNDLE_IDENTIFIER = "Test-Integration.IntegrationsApp";
				PRODUCT_NAME = "$(TARGET_NAME)";
			};
			name = Release;
		};
/* End XCBuildConfiguration section */

/* Begin XCConfigurationList section */
		8FE2F8751D3EEFDC0066544C /* Build configuration list for PBXProject "IntegrationsApp" */ = {
			isa = XCConfigurationList;
			buildConfigurations = (
				8FE2F88F1D3EEFDC0066544C /* Debug */,
				8FE2F8901D3EEFDC0066544C /* Release */,
			);
			defaultConfigurationIsVisible = 0;
			defaultConfigurationName = Release;
		};
		8FE2F8911D3EEFDC0066544C /* Build configuration list for PBXNativeTarget "IntegrationsApp" */ = {
			isa = XCConfigurationList;
			buildConfigurations = (
				8FE2F8921D3EEFDC0066544C /* Debug */,
				8FE2F8931D3EEFDC0066544C /* Release */,
			);
			defaultConfigurationIsVisible = 0;
		};
/* End XCConfigurationList section */
	};
	rootObject = 8FE2F8721D3EEFDC0066544C /* Project object */;
}
